{
  "name": "vlingo-schemata-ui",
  "version": "0.1.0",
  "lockfileVersion": 1,
  "requires": true,
  "dependencies": {
    "now": {
      "version": "15.0.8",
      "resolved": "https://registry.npmjs.org/now/-/now-15.0.8.tgz",
      "integrity": "sha512-YCzfLOXznIacdblWJsBJLpA44i2L5czmwyZbb7Rzd7aF5zglSGP2YTK9vY5H0O0g8NpVWIEZ2Lxq8sCnyTm1JA==",
      "dev": true
    }
  }
}
