{
  "requires": true,
  "lockfileVersion": 1,
  "dependencies": {
    "@mdi/js": {
      "version": "4.4.95",
      "resolved": "https://registry.npmjs.org/@mdi/js/-/js-4.4.95.tgz",
      "integrity": "sha512-wCrur/ICoHP7/NcNboBCdqR64gQnoUKxSRla4uOsGC61jMUnUeDMNfU7PrA/I0IzvotWc0ws2cCNVL7JsOPh2Q==",
      "dev": true
    }
  }
}
